
Microsoft Visual Studio Solution File, Format Version 12.00
# Visual Studio 15
Project("{FAE04EC0-301F-11D3-BF4B-00C04F79EFBC}") = "Fenix", "Fenix\Fenix.csproj", "{8E948044-7CB9-424E-9BC5-B4119148F6FA}"
EndProject
Project("{FAE04EC0-301F-11D3-BF4B-00C04F79EFBC}") = "FenixSimpleApp", "FenixSimpleApp\FenixSimpleApp.csproj", "{8485EBEB-42B0-4B6E-BB31-E2D8216C9555}"
EndProject
Project("{2150E333-8FDC-42A3-9474-1A3956D46DE8}") = "Markdown", "Markdown", "{838A58F9-81F6-49B4-9EF7-6F2ACFE04A6C}"
ProjectSection(SolutionItems) = preProject
	README.md = README.md
EndProjectSection
EndProject
Global
	GlobalSection(SolutionConfigurationPlatforms) = preSolution
		Debug|Any CPU = Debug|Any CPU
		Release|Any CPU = Release|Any CPU
	EndGlobalSection
	GlobalSection(ProjectConfigurationPlatforms) = postSolution
		{8E948044-7CB9-424E-9BC5-B4119148F6FA}.Debug|Any CPU.ActiveCfg = Debug|Any CPU
		{8E948044-7CB9-424E-9BC5-B4119148F6FA}.Debug|Any CPU.Build.0 = Debug|Any CPU
		{8E948044-7CB9-424E-9BC5-B4119148F6FA}.Release|Any CPU.ActiveCfg = Release|Any CPU
		{8E948044-7CB9-424E-9BC5-B4119148F6FA}.Release|Any CPU.Build.0 = Release|Any CPU
		{8485EBEB-42B0-4B6E-BB31-E2D8216C9555}.Debug|Any CPU.ActiveCfg = Debug|Any CPU
		{8485EBEB-42B0-4B6E-BB31-E2D8216C9555}.Debug|Any CPU.Build.0 = Debug|Any CPU
		{8485EBEB-42B0-4B6E-BB31-E2D8216C9555}.Release|Any CPU.ActiveCfg = Release|Any CPU
		{8485EBEB-42B0-4B6E-BB31-E2D8216C9555}.Release|Any CPU.Build.0 = Release|Any CPU
	EndGlobalSection
EndGlobal
